
Microsoft Visual Studio Solution File, Format Version 12.00
# Visual Studio Version 16
VisualStudioVersion = 16.0.30611.23
MinimumVisualStudioVersion = 10.0.40219.1
Project("{FAE04EC0-301F-11D3-BF4B-00C04F79EFBC}") = "MusicSharp", "MusicSharp.csproj", "{3564BA16-1DAA-4BD1-8F52-3DB966E27E8A}"
EndProject
Global
	GlobalSection(SolutionConfigurationPlatforms) = preSolution
		Debug|Any CPU = Debug|Any CPU
		Release|Any CPU = Release|Any CPU
	EndGlobalSection
	GlobalSection(ProjectConfigurationPlatforms) = postSolution
		{3564BA16-1DAA-4BD1-8F52-3DB966E27E8A}.Debug|Any CPU.ActiveCfg = Debug|Any CPU
		{3564BA16-1DAA-4BD1-8F52-3DB966E27E8A}.Debug|Any CPU.Build.0 = Debug|Any CPU
		{3564BA16-1DAA-4BD1-8F52-3DB966E27E8A}.Release|Any CPU.ActiveCfg = Release|Any CPU
		{3564BA16-1DAA-4BD1-8F52-3DB966E27E8A}.Release|Any CPU.Build.0 = Release|Any CPU
	EndGlobalSection
	GlobalSection(SolutionProperties) = preSolution
		HideSolutionNode = FALSE
	EndGlobalSection
	GlobalSection(ExtensibilityGlobals) = postSolution
		SolutionGuid = {1D85B9A7-A8FC-4A89-B50C-E5FCBC9D8533}
	EndGlobalSection
EndGlobal
